
Microsoft Visual Studio Solution File, Format Version 12.00
# Visual Studio Version 17
VisualStudioVersion = 17.9.34723.18
MinimumVisualStudioVersion = 10.0.40219.1
Project("{8BC9CEB8-8B4A-11D0-8D11-00A0C91BC942}") = "Project16", "Project16\Project16.vcxproj", "{3E1AAC00-7338-43CA-97DB-CBDA257087D0}"
EndProject
Project("{8BC9CEB8-8B4A-11D0-8D11-00A0C91BC942}") = "Sample-Test1", "Sample-Test1\Sample-Test1.vcxproj", "{F38CE99A-B0DA-42EE-AC28-59E2F16B24A2}"
EndProject
Global
	GlobalSection(SolutionConfigurationPlatforms) = preSolution
		Debug|x64 = Debug|x64
		Debug|x86 = Debug|x86
		Release|x64 = Release|x64
		Release|x86 = Release|x86
	EndGlobalSection
	GlobalSection(ProjectConfigurationPlatforms) = postSolution
		{3E1AAC00-7338-43CA-97DB-CBDA257087D0}.Debug|x64.ActiveCfg = Debug|x64
		{3E1AAC00-7338-43CA-97DB-CBDA257087D0}.Debug|x64.Build.0 = Debug|x64
		{3E1AAC00-7338-43CA-97DB-CBDA257087D0}.Debug|x86.ActiveCfg = Debug|Win32
		{3E1AAC00-7338-43CA-97DB-CBDA257087D0}.Debug|x86.Build.0 = Debug|Win32
		{3E1AAC00-7338-43CA-97DB-CBDA257087D0}.Release|x64.ActiveCfg = Release|x64
		{3E1AAC00-7338-43CA-97DB-CBDA257087D0}.Release|x64.Build.0 = Release|x64
		{3E1AAC00-7338-43CA-97DB-CBDA257087D0}.Release|x86.ActiveCfg = Release|Win32
		{3E1AAC00-7338-43CA-97DB-CBDA257087D0}.Release|x86.Build.0 = Release|Win32
		{F38CE99A-B0DA-42EE-AC28-59E2F16B24A2}.Debug|x64.ActiveCfg = Debug|x64
		{F38CE99A-B0DA-42EE-AC28-59E2F16B24A2}.Debug|x64.Build.0 = Debug|x64
		{F38CE99A-B0DA-42EE-AC28-59E2F16B24A2}.Debug|x86.ActiveCfg = Debug|Win32
		{F38CE99A-B0DA-42EE-AC28-59E2F16B24A2}.Debug|x86.Build.0 = Debug|Win32
		{F38CE99A-B0DA-42EE-AC28-59E2F16B24A2}.Release|x64.ActiveCfg = Release|x64
		{F38CE99A-B0DA-42EE-AC28-59E2F16B24A2}.Release|x64.Build.0 = Release|x64
		{F38CE99A-B0DA-42EE-AC28-59E2F16B24A2}.Release|x86.ActiveCfg = Release|Win32
		{F38CE99A-B0DA-42EE-AC28-59E2F16B24A2}.Release|x86.Build.0 = Release|Win32
	EndGlobalSection
	GlobalSection(SolutionProperties) = preSolution
		HideSolutionNode = FALSE
	EndGlobalSection
	GlobalSection(ExtensibilityGlobals) = postSolution
		SolutionGuid = {7DCD3539-A6F3-442E-9B81-FFC2D10A6665}
	EndGlobalSection
EndGlobal
